# This file was autogenerated by Stack.
# You should not edit this file by hand.
# For more information, please see the documentation at:
#   https://docs.haskellstack.org/en/stable/lock_files

packages:
- completed:
    hackage: llvm-hs-pure-7.0.0@sha256:054c145a345bccdad6205420832eae36e3ed4730fad9767fb153d4487d240727,2931
    pantry-tree:
      size: 2600
      sha256: 11e9eb61035f203f0d037358bef49fc885d8a25045dc1080f7b6b1695c92325b
  original:
    hackage: llvm-hs-pure-7.0.0@sha256:054c145a345bccdad6205420832eae36e3ed4730fad9767fb153d4487d240727,2931
- completed:
    hackage: llvm-hs-pretty-0.6.1.0@sha256:54785b205bc9a267513b539eb8073f9f576e01da196720871bc894520e712e16,1670
    pantry-tree:
      size: 4741
      sha256: 09128cc6ff572c3c544de01ee2b683cdc356d606a5829f1c60966593ff2f59db
  original:
    hackage: llvm-hs-pretty-0.6.1.0@sha256:54785b205bc9a267513b539eb8073f9f576e01da196720871bc894520e712e16,1670
- completed:
    hackage: Unique-0.4.7.6@sha256:a1ff411f4d68c756e01e8d532fbe8e57f1ac77f2cc0ee8a999770be2bca185c5,2723
    pantry-tree:
      size: 1366
      sha256: 587d279ff94e8d6f43da3710634ca3611fa4f6886b1e541a73c69303c00297b9
  original:
    hackage: Unique-0.4.7.6@sha256:a1ff411f4d68c756e01e8d532fbe8e57f1ac77f2cc0ee8a999770be2bca185c5,2723
snapshots:
- completed:
    size: 524786
    url: https://raw.githubusercontent.com/commercialhaskell/stackage-snapshots/master/lts/14/11.yaml
    sha256: 088bb91b545839510a41ae92fa5feb36779ef3529571a42bd12b9f51eb89ded3
  original: lts-14.11
